
Microsoft Visual Studio Solution File, Format Version 12.00
# Visual Studio Version 17
VisualStudioVersion = 17.5.33627.172
MinimumVisualStudioVersion = 10.0.40219.1
Project("{FAE04EC0-301F-11D3-BF4B-00C04F79EFBC}") = "Authent", "Authent.csproj", "{4D8C75D7-BE92-4091-836A-9DC9CDA7C5C4}"
EndProject
Global
	GlobalSection(SolutionConfigurationPlatforms) = preSolution
		Debug|Any CPU = Debug|Any CPU
		Release|Any CPU = Release|Any CPU
	EndGlobalSection
	GlobalSection(ProjectConfigurationPlatforms) = postSolution
		{4D8C75D7-BE92-4091-836A-9DC9CDA7C5C4}.Debug|Any CPU.ActiveCfg = Debug|Any CPU
		{4D8C75D7-BE92-4091-836A-9DC9CDA7C5C4}.Debug|Any CPU.Build.0 = Debug|Any CPU
		{4D8C75D7-BE92-4091-836A-9DC9CDA7C5C4}.Release|Any CPU.ActiveCfg = Release|Any CPU
		{4D8C75D7-BE92-4091-836A-9DC9CDA7C5C4}.Release|Any CPU.Build.0 = Release|Any CPU
	EndGlobalSection
	GlobalSection(SolutionProperties) = preSolution
		HideSolutionNode = FALSE
	EndGlobalSection
	GlobalSection(ExtensibilityGlobals) = postSolution
		SolutionGuid = {C430329E-448F-4340-82ED-65E40B544D2D}
	EndGlobalSection
EndGlobal
